
Microsoft Visual Studio Solution File, Format Version 12.00
# Visual Studio Version 16
VisualStudioVersion = 16.0.30717.126
MinimumVisualStudioVersion = 10.0.40219.1
Project("{FAE04EC0-301F-11D3-BF4B-00C04F79EFBC}") = "WebScraping", "WebScraping\WebScraping.csproj", "{818909A3-D605-45AE-8ACE-6834944F600C}"
EndProject
Global
	GlobalSection(SolutionConfigurationPlatforms) = preSolution
		Debug|Any CPU = Debug|Any CPU
		Release|Any CPU = Release|Any CPU
	EndGlobalSection
	GlobalSection(ProjectConfigurationPlatforms) = postSolution
		{818909A3-D605-45AE-8ACE-6834944F600C}.Debug|Any CPU.ActiveCfg = Debug|Any CPU
		{818909A3-D605-45AE-8ACE-6834944F600C}.Debug|Any CPU.Build.0 = Debug|Any CPU
		{818909A3-D605-45AE-8ACE-6834944F600C}.Release|Any CPU.ActiveCfg = Release|Any CPU
		{818909A3-D605-45AE-8ACE-6834944F600C}.Release|Any CPU.Build.0 = Release|Any CPU
	EndGlobalSection
	GlobalSection(SolutionProperties) = preSolution
		HideSolutionNode = FALSE
	EndGlobalSection
	GlobalSection(ExtensibilityGlobals) = postSolution
		SolutionGuid = {FDF55593-DF57-4CD9-B573-F984DA2FD522}
	EndGlobalSection
EndGlobal
